
Microsoft Visual Studio Solution File, Format Version 12.00
# Visual Studio 15
VisualStudioVersion = 15.0.27004.2010
MinimumVisualStudioVersion = 10.0.40219.1
Project("{FAE04EC0-301F-11D3-BF4B-00C04F79EFBC}") = "GUI", "f_sharp_vs_c_sharp\GUI.csproj", "{0BDF0439-7D09-42F7-8618-E706B39C80FC}"
EndProject
Project("{FAE04EC0-301F-11D3-BF4B-00C04F79EFBC}") = "Logic_cSharp", "Logic_cSharp\Logic_cSharp.csproj", "{A61A3144-1324-488D-A656-44F85260485B}"
EndProject
Project("{F2A71F9B-5D33-465A-A702-920D77279786}") = "Logic_fSharp", "Logic_fSharp\Logic_fSharp.fsproj", "{3D0276AF-A599-4E73-AFC2-5FA1ED52A741}"
EndProject
Global
	GlobalSection(SolutionConfigurationPlatforms) = preSolution
		Debug|Any CPU = Debug|Any CPU
		Release|Any CPU = Release|Any CPU
	EndGlobalSection
	GlobalSection(ProjectConfigurationPlatforms) = postSolution
		{0BDF0439-7D09-42F7-8618-E706B39C80FC}.Debug|Any CPU.ActiveCfg = Debug|Any CPU
		{0BDF0439-7D09-42F7-8618-E706B39C80FC}.Debug|Any CPU.Build.0 = Debug|Any CPU
		{0BDF0439-7D09-42F7-8618-E706B39C80FC}.Release|Any CPU.ActiveCfg = Release|Any CPU
		{0BDF0439-7D09-42F7-8618-E706B39C80FC}.Release|Any CPU.Build.0 = Release|Any CPU
		{A61A3144-1324-488D-A656-44F85260485B}.Debug|Any CPU.ActiveCfg = Debug|Any CPU
		{A61A3144-1324-488D-A656-44F85260485B}.Debug|Any CPU.Build.0 = Debug|Any CPU
		{A61A3144-1324-488D-A656-44F85260485B}.Release|Any CPU.ActiveCfg = Release|Any CPU
		{A61A3144-1324-488D-A656-44F85260485B}.Release|Any CPU.Build.0 = Release|Any CPU
		{3D0276AF-A599-4E73-AFC2-5FA1ED52A741}.Debug|Any CPU.ActiveCfg = Debug|Any CPU
		{3D0276AF-A599-4E73-AFC2-5FA1ED52A741}.Debug|Any CPU.Build.0 = Debug|Any CPU
		{3D0276AF-A599-4E73-AFC2-5FA1ED52A741}.Release|Any CPU.ActiveCfg = Release|Any CPU
		{3D0276AF-A599-4E73-AFC2-5FA1ED52A741}.Release|Any CPU.Build.0 = Release|Any CPU
	EndGlobalSection
	GlobalSection(SolutionProperties) = preSolution
		HideSolutionNode = FALSE
	EndGlobalSection
	GlobalSection(ExtensibilityGlobals) = postSolution
		SolutionGuid = {7596FB87-CD83-4C01-A961-EC19FF2E8CEA}
	EndGlobalSection
EndGlobal
